// !$*UTF8*$!
{
	archiveVersion = 1;
	classes = {
	};
	objectVersion = 46;
	objects = {

/* Begin PBXBuildFile section */
		6D35D5171F6BB9CF00BE5289 /* ok.png in Resources */ = {isa = PBXBuildFile; fileRef = 6D35D5161F6BB9CF00BE5289 /* ok.png */; };
		6D35D5191F6BBBE100BE5289 /* succesViewController.swift in Sources */ = {isa = PBXBuildFile; fileRef = 6D35D5181F6BBBE100BE5289 /* succesViewController.swift */; };
		6D58296B1F65A80500C507F9 /* loginViewController.swift in Sources */ = {isa = PBXBuildFile; fileRef = 6D5829691F64A38300C507F9 /* loginViewController.swift */; };
		6D6B84181F697F410039FE06 /* messageTableViewCell.swift in Sources */ = {isa = PBXBuildFile; fileRef = 6D6B84171F697F410039FE06 /* messageTableViewCell.swift */; };
		6D6B84221F69B2AB0039FE06 /* messageViewController.swift in Sources */ = {isa = PBXBuildFile; fileRef = 6D6B84211F69B2AB0039FE06 /* messageViewController.swift */; };
		6D6B84731F6A6D4B0039FE06 /* blog.ico in Resources */ = {isa = PBXBuildFile; fileRef = 6D6B84631F6A6D4B0039FE06 /* blog.ico */; };
		6D6B84741F6A6D4B0039FE06 /* blog.png in Resources */ = {isa = PBXBuildFile; fileRef = 6D6B84641F6A6D4B0039FE06 /* blog.png */; };
		6D6B84751F6A6D4B0039FE06 /* computer.jpg in Resources */ = {isa = PBXBuildFile; fileRef = 6D6B84651F6A6D4B0039FE06 /* computer.jpg */; };
		6D6B84761F6A6D4B0039FE06 /* e-Message.png in Resources */ = {isa = PBXBuildFile; fileRef = 6D6B84661F6A6D4B0039FE06 /* e-Message.png */; };
		6D6B84771F6A6D4B0039FE06 /* home.png in Resources */ = {isa = PBXBuildFile; fileRef = 6D6B84671F6A6D4B0039FE06 /* home.png */; };
		6D6B84781F6A6D4B0039FE06 /* img2.jpg in Resources */ = {isa = PBXBuildFile; fileRef = 6D6B84681F6A6D4B0039FE06 /* img2.jpg */; };
		6D6B84791F6A6D4B0039FE06 /* login-lock.png in Resources */ = {isa = PBXBuildFile; fileRef = 6D6B84691F6A6D4B0039FE06 /* login-lock.png */; };
		6D6B847A1F6A6D4B0039FE06 /* login.png in Resources */ = {isa = PBXBuildFile; fileRef = 6D6B846A1F6A6D4B0039FE06 /* login.png */; };
		6D6B847B1F6A6D4B0039FE06 /* logo2.png in Resources */ = {isa = PBXBuildFile; fileRef = 6D6B846B1F6A6D4B0039FE06 /* logo2.png */; };
		6D6B847C1F6A6D4B0039FE06 /* mail.ico in Resources */ = {isa = PBXBuildFile; fileRef = 6D6B846C1F6A6D4B0039FE06 /* mail.ico */; };
		6D6B847D1F6A6D4B0039FE06 /* mail.png in Resources */ = {isa = PBXBuildFile; fileRef = 6D6B846D1F6A6D4B0039FE06 /* mail.png */; };
		6D6B847E1F6A6D4B0039FE06 /* Message.ico in Resources */ = {isa = PBXBuildFile; fileRef = 6D6B846E1F6A6D4B0039FE06 /* Message.ico */; };
		6D6B847F1F6A6D4B0039FE06 /* Message.png in Resources */ = {isa = PBXBuildFile; fileRef = 6D6B846F1F6A6D4B0039FE06 /* Message.png */; };
		6D6B84801F6A6D4B0039FE06 /* post.png in Resources */ = {isa = PBXBuildFile; fileRef = 6D6B84701F6A6D4B0039FE06 /* post.png */; };
		6D6B84811F6A6D4B0039FE06 /* stat.png in Resources */ = {isa = PBXBuildFile; fileRef = 6D6B84711F6A6D4B0039FE06 /* stat.png */; };
		6D6B84821F6A6D4B0039FE06 /* Upload.png in Resources */ = {isa = PBXBuildFile; fileRef = 6D6B84721F6A6D4B0039FE06 /* Upload.png */; };
		6DB016781F670D6900D99BAE /* blogViewController.swift in Sources */ = {isa = PBXBuildFile; fileRef = 6DB016771F670D6900D99BAE /* blogViewController.swift */; };
		6DB0167A1F670E7B00D99BAE /* myTableViewCell.swift in Sources */ = {isa = PBXBuildFile; fileRef = 6DB016791F670E7B00D99BAE /* myTableViewCell.swift */; };
		6DB0167C1F6820C900D99BAE /* saisieBlogViewController.swift in Sources */ = {isa = PBXBuildFile; fileRef = 6DB0167B1F6820C900D99BAE /* saisieBlogViewController.swift */; };
		6DE37D261F64797900B3F8CD /* AppDelegate.swift in Sources */ = {isa = PBXBuildFile; fileRef = 6DE37D251F64797900B3F8CD /* AppDelegate.swift */; };
		6DE37D281F64797900B3F8CD /* ViewController.swift in Sources */ = {isa = PBXBuildFile; fileRef = 6DE37D271F64797900B3F8CD /* ViewController.swift */; };
		6DE37D2B1F64797900B3F8CD /* Main.storyboard in Resources */ = {isa = PBXBuildFile; fileRef = 6DE37D291F64797900B3F8CD /* Main.storyboard */; };
		6DE37D2D1F64797900B3F8CD /* Assets.xcassets in Resources */ = {isa = PBXBuildFile; fileRef = 6DE37D2C1F64797900B3F8CD /* Assets.xcassets */; };
		6DE37D301F64797900B3F8CD /* LaunchScreen.storyboard in Resources */ = {isa = PBXBuildFile; fileRef = 6DE37D2E1F64797900B3F8CD /* LaunchScreen.storyboard */; };
		6DE37D431F648EC200B3F8CD /* contactViewController.swift in Sources */ = {isa = PBXBuildFile; fileRef = 6DE37D421F648EC200B3F8CD /* contactViewController.swift */; };
/* End PBXBuildFile section */

/* Begin PBXFileReference section */
		6D35D5161F6BB9CF00BE5289 /* ok.png */ = {isa = PBXFileReference; lastKnownFileType = image.png; name = ok.png; path = ../../../Downloads/icon/ok.png; sourceTree = "<group>"; };
		6D35D5181F6BBBE100BE5289 /* succesViewController.swift */ = {isa = PBXFileReference; fileEncoding = 4; lastKnownFileType = sourcecode.swift; path = succesViewController.swift; sourceTree = "<group>"; };
		6D5829691F64A38300C507F9 /* loginViewController.swift */ = {isa = PBXFileReference; fileEncoding = 4; lastKnownFileType = sourcecode.swift; path = loginViewController.swift; sourceTree = "<group>"; };
		6D6B84171F697F410039FE06 /* messageTableViewCell.swift */ = {isa = PBXFileReference; fileEncoding = 4; lastKnownFileType = sourcecode.swift; path = messageTableViewCell.swift; sourceTree = "<group>"; };
		6D6B84211F69B2AB0039FE06 /* messageViewController.swift */ = {isa = PBXFileReference; fileEncoding = 4; lastKnownFileType = sourcecode.swift; path = messageViewController.swift; sourceTree = "<group>"; };
		6D6B84631F6A6D4B0039FE06 /* blog.ico */ = {isa = PBXFileReference; lastKnownFileType = image.ico; name = blog.ico; path = ../../../Downloads/icon/blog.ico; sourceTree = "<group>"; };
		6D6B84641F6A6D4B0039FE06 /* blog.png */ = {isa = PBXFileReference; lastKnownFileType = image.png; name = blog.png; path = ../../../Downloads/icon/blog.png; sourceTree = "<group>"; };
		6D6B84651F6A6D4B0039FE06 /* computer.jpg */ = {isa = PBXFileReference; lastKnownFileType = image.jpeg; name = computer.jpg; path = ../../../Downloads/icon/computer.jpg; sourceTree = "<group>"; };
		6D6B84661F6A6D4B0039FE06 /* e-Message.png */ = {isa = PBXFileReference; lastKnownFileType = image.png; name = "e-Message.png"; path = "../../../Downloads/icon/e-Message.png"; sourceTree = "<group>"; };
		6D6B84671F6A6D4B0039FE06 /* home.png */ = {isa = PBXFileReference; lastKnownFileType = image.png; name = home.png; path = ../../../Downloads/icon/home.png; sourceTree = "<group>"; };
		6D6B84681F6A6D4B0039FE06 /* img2.jpg */ = {isa = PBXFileReference; lastKnownFileType = image.jpeg; name = img2.jpg; path = ../../../Downloads/icon/img2.jpg; sourceTree = "<group>"; };
		6D6B84691F6A6D4B0039FE06 /* login-lock.png */ = {isa = PBXFileReference; lastKnownFileType = image.png; name = "login-lock.png"; path = "../../../Downloads/icon/login-lock.png"; sourceTree = "<group>"; };
		6D6B846A1F6A6D4B0039FE06 /* login.png */ = {isa = PBXFileReference; lastKnownFileType = image.png; name = login.png; path = ../../../Downloads/icon/login.png; sourceTree = "<group>"; };
		6D6B846B1F6A6D4B0039FE06 /* logo2.png */ = {isa = PBXFileReference; lastKnownFileType = image.png; name = logo2.png; path = ../../../Downloads/icon/logo2.png; sourceTree = "<group>"; };
		6D6B846C1F6A6D4B0039FE06 /* mail.ico */ = {isa = PBXFileReference; lastKnownFileType = image.ico; name = mail.ico; path = ../../../Downloads/icon/mail.ico; sourceTree = "<group>"; };
		6D6B846D1F6A6D4B0039FE06 /* mail.png */ = {isa = PBXFileReference; lastKnownFileType = image.png; name = mail.png; path = ../../../Downloads/icon/mail.png; sourceTree = "<group>"; };
		6D6B846E1F6A6D4B0039FE06 /* Message.ico */ = {isa = PBXFileReference; lastKnownFileType = image.ico; name = Message.ico; path = ../../../Downloads/icon/Message.ico; sourceTree = "<group>"; };
		6D6B846F1F6A6D4B0039FE06 /* Message.png */ = {isa = PBXFileReference; lastKnownFileType = image.png; name = Message.png; path = ../../../Downloads/icon/Message.png; sourceTree = "<group>"; };
		6D6B84701F6A6D4B0039FE06 /* post.png */ = {isa = PBXFileReference; lastKnownFileType = image.png; name = post.png; path = ../../../Downloads/icon/post.png; sourceTree = "<group>"; };
		6D6B84711F6A6D4B0039FE06 /* stat.png */ = {isa = PBXFileReference; lastKnownFileType = image.png; name = stat.png; path = ../../../Downloads/icon/stat.png; sourceTree = "<group>"; };
		6D6B84721F6A6D4B0039FE06 /* Upload.png */ = {isa = PBXFileReference; lastKnownFileType = image.png; name = Upload.png; path = ../../../Downloads/icon/Upload.png; sourceTree = "<group>"; };
		6DB016771F670D6900D99BAE /* blogViewController.swift */ = {isa = PBXFileReference; fileEncoding = 4; lastKnownFileType = sourcecode.swift; name = blogViewController.swift; path = Mysql_php/blogViewController.swift; sourceTree = "<group>"; };
		6DB016791F670E7B00D99BAE /* myTableViewCell.swift */ = {isa = PBXFileReference; fileEncoding = 4; lastKnownFileType = sourcecode.swift; name = myTableViewCell.swift; path = Mysql_php/myTableViewCell.swift; sourceTree = "<group>"; };
		6DB0167B1F6820C900D99BAE /* saisieBlogViewController.swift */ = {isa = PBXFileReference; fileEncoding = 4; lastKnownFileType = sourcecode.swift; name = saisieBlogViewController.swift; path = Mysql_php/saisieBlogViewController.swift; sourceTree = "<group>"; };
		6DE37D221F64797900B3F8CD /* Mysql_php.app */ = {isa = PBXFileReference; explicitFileType = wrapper.application; includeInIndex = 0; path = Mysql_php.app; sourceTree = BUILT_PRODUCTS_DIR; };
		6DE37D251F64797900B3F8CD /* AppDelegate.swift */ = {isa = PBXFileReference; lastKnownFileType = sourcecode.swift; path = AppDelegate.swift; sourceTree = "<group>"; };
		6DE37D271F64797900B3F8CD /* ViewController.swift */ = {isa = PBXFileReference; lastKnownFileType = sourcecode.swift; path = ViewController.swift; sourceTree = "<group>"; };
		6DE37D2A1F64797900B3F8CD /* Base */ = {isa = PBXFileReference; lastKnownFileType = file.storyboard; name = Base; path = Base.lproj/Main.storyboard; sourceTree = "<group>"; };
		6DE37D2C1F64797900B3F8CD /* Assets.xcassets */ = {isa = PBXFileReference; lastKnownFileType = folder.assetcatalog; path = Assets.xcassets; sourceTree = "<group>"; };
		6DE37D2F1F64797900B3F8CD /* Base */ = {isa = PBXFileReference; lastKnownFileType = file.storyboard; name = Base; path = Base.lproj/LaunchScreen.storyboard; sourceTree = "<group>"; };
		6DE37D311F64797900B3F8CD /* Info.plist */ = {isa = PBXFileReference; lastKnownFileType = text.plist.xml; path = Info.plist; sourceTree = "<group>"; };
		6DE37D421F648EC200B3F8CD /* contactViewController.swift */ = {isa = PBXFileReference; fileEncoding = 4; lastKnownFileType = sourcecode.swift; path = contactViewController.swift; sourceTree = "<group>"; };
/* End PBXFileReference section */

/* Begin PBXFrameworksBuildPhase section */
		6DE37D1F1F64797900B3F8CD /* Frameworks */ = {
			isa = PBXFrameworksBuildPhase;
			buildActionMask = 2147483647;
			files = (
			);
			runOnlyForDeploymentPostprocessing = 0;
		};
/* End PBXFrameworksBuildPhase section */

/* Begin PBXGroup section */
		6D63A8861F65ED7600B7C5DE /* image */ = {
			isa = PBXGroup;
			children = (
				6D35D5161F6BB9CF00BE5289 /* ok.png */,
				6D6B84631F6A6D4B0039FE06 /* blog.ico */,
				6D6B84641F6A6D4B0039FE06 /* blog.png */,
				6D6B84651F6A6D4B0039FE06 /* computer.jpg */,
				6D6B84661F6A6D4B0039FE06 /* e-Message.png */,
				6D6B84671F6A6D4B0039FE06 /* home.png */,
				6D6B84681F6A6D4B0039FE06 /* img2.jpg */,
				6D6B84691F6A6D4B0039FE06 /* login-lock.png */,
				6D6B846A1F6A6D4B0039FE06 /* login.png */,
				6D6B846B1F6A6D4B0039FE06 /* logo2.png */,
				6D6B846C1F6A6D4B0039FE06 /* mail.ico */,
				6D6B846D1F6A6D4B0039FE06 /* mail.png */,
				6D6B846E1F6A6D4B0039FE06 /* Message.ico */,
				6D6B846F1F6A6D4B0039FE06 /* Message.png */,
				6D6B84701F6A6D4B0039FE06 /* post.png */,
				6D6B84711F6A6D4B0039FE06 /* stat.png */,
				6D6B84721F6A6D4B0039FE06 /* Upload.png */,
			);
			name = image;
			sourceTree = "<group>";
		};
		6D6B84121F696FDA0039FE06 /* message */ = {
			isa = PBXGroup;
			children = (
				6D6B84171F697F410039FE06 /* messageTableViewCell.swift */,
				6D6B84211F69B2AB0039FE06 /* messageViewController.swift */,
			);
			name = message;
			path = Mysql_php;
			sourceTree = "<group>";
		};
		6DB0167D1F6820DC00D99BAE /* blog */ = {
			isa = PBXGroup;
			children = (
				6DB0167B1F6820C900D99BAE /* saisieBlogViewController.swift */,
				6DB016791F670E7B00D99BAE /* myTableViewCell.swift */,
				6DB016771F670D6900D99BAE /* blogViewController.swift */,
			);
			name = blog;
			sourceTree = "<group>";
		};
		6DE37D191F64797900B3F8CD = {
			isa = PBXGroup;
			children = (
				6D6B84121F696FDA0039FE06 /* message */,
				6DB0167D1F6820DC00D99BAE /* blog */,
				6DE37D241F64797900B3F8CD /* Mysql_php */,
				6DE37D231F64797900B3F8CD /* Products */,
				6D63A8861F65ED7600B7C5DE /* image */,
			);
			sourceTree = "<group>";
		};
		6DE37D231F64797900B3F8CD /* Products */ = {
			isa = PBXGroup;
			children = (
				6DE37D221F64797900B3F8CD /* Mysql_php.app */,
			);
			name = Products;
			sourceTree = "<group>";
		};
		6DE37D241F64797900B3F8CD /* Mysql_php */ = {
			isa = PBXGroup;
			children = (
				6DE37D271F64797900B3F8CD /* ViewController.swift */,
				6DE37D291F64797900B3F8CD /* Main.storyboard */,
				6D5829691F64A38300C507F9 /* loginViewController.swift */,
				6D35D5181F6BBBE100BE5289 /* succesViewController.swift */,
				6DE37D421F648EC200B3F8CD /* contactViewController.swift */,
				6DE37D411F648E9C00B3F8CD /* New Group */,
			);
			path = Mysql_php;
			sourceTree = "<group>";
		};
		6DE37D411F648E9C00B3F8CD /* New Group */ = {
			isa = PBXGroup;
			children = (
				6DE37D251F64797900B3F8CD /* AppDelegate.swift */,
				6DE37D2C1F64797900B3F8CD /* Assets.xcassets */,
				6DE37D2E1F64797900B3F8CD /* LaunchScreen.storyboard */,
				6DE37D311F64797900B3F8CD /* Info.plist */,
			);
			name = "New Group";
			sourceTree = "<group>";
		};
/* End PBXGroup section */

/* Begin PBXNativeTarget section */
		6DE37D211F64797900B3F8CD /* Mysql_php */ = {
			isa = PBXNativeTarget;
			buildConfigurationList = 6DE37D341F64797900B3F8CD /* Build configuration list for PBXNativeTarget "Mysql_php" */;
			buildPhases = (
				6DE37D1E1F64797900B3F8CD /* Sources */,
				6DE37D1F1F64797900B3F8CD /* Frameworks */,
				6DE37D201F64797900B3F8CD /* Resources */,
			);
			buildRules = (
			);
			dependencies = (
			);
			name = Mysql_php;
			productName = Mysql_php;
			productReference = 6DE37D221F64797900B3F8CD /* Mysql_php.app */;
			productType = "com.apple.product-type.application";
		};
/* End PBXNativeTarget section */

/* Begin PBXProject section */
		6DE37D1A1F64797900B3F8CD /* Project object */ = {
			isa = PBXProject;
			attributes = {
				LastSwiftUpdateCheck = 0830;
				LastUpgradeCheck = 0830;
				ORGANIZATIONNAME = rouibah;
				TargetAttributes = {
					6DE37D211F64797900B3F8CD = {
						CreatedOnToolsVersion = 8.3.3;
						DevelopmentTeam = 36R3LYA985;
						ProvisioningStyle = Automatic;
					};
				};
			};
			buildConfigurationList = 6DE37D1D1F64797900B3F8CD /* Build configuration list for PBXProject "Mysql_php" */;
			compatibilityVersion = "Xcode 3.2";
			developmentRegion = English;
			hasScannedForEncodings = 0;
			knownRegions = (
				en,
				Base,
			);
			mainGroup = 6DE37D191F64797900B3F8CD;
			productRefGroup = 6DE37D231F64797900B3F8CD /* Products */;
			projectDirPath = "";
			projectRoot = "";
			targets = (
				6DE37D211F64797900B3F8CD /* Mysql_php */,
			);
		};
/* End PBXProject section */

/* Begin PBXResourcesBuildPhase section */
		6DE37D201F64797900B3F8CD /* Resources */ = {
			isa = PBXResourcesBuildPhase;
			buildActionMask = 2147483647;
			files = (
				6D6B847D1F6A6D4B0039FE06 /* mail.png in Resources */,
				6D6B84791F6A6D4B0039FE06 /* login-lock.png in Resources */,
				6D6B847E1F6A6D4B0039FE06 /* Message.ico in Resources */,
				6D6B847F1F6A6D4B0039FE06 /* Message.png in Resources */,
				6D6B84821F6A6D4B0039FE06 /* Upload.png in Resources */,
				6DE37D301F64797900B3F8CD /* LaunchScreen.storyboard in Resources */,
				6D6B84741F6A6D4B0039FE06 /* blog.png in Resources */,
				6D6B84731F6A6D4B0039FE06 /* blog.ico in Resources */,
				6DE37D2D1F64797900B3F8CD /* Assets.xcassets in Resources */,
				6D6B84781F6A6D4B0039FE06 /* img2.jpg in Resources */,
				6D6B847A1F6A6D4B0039FE06 /* login.png in Resources */,
				6D6B847B1F6A6D4B0039FE06 /* logo2.png in Resources */,
				6D6B84811F6A6D4B0039FE06 /* stat.png in Resources */,
				6D6B84771F6A6D4B0039FE06 /* home.png in Resources */,
				6D6B84761F6A6D4B0039FE06 /* e-Message.png in Resources */,
				6D35D5171F6BB9CF00BE5289 /* ok.png in Resources */,
				6D6B847C1F6A6D4B0039FE06 /* mail.ico in Resources */,
				6D6B84751F6A6D4B0039FE06 /* computer.jpg in Resources */,
				6DE37D2B1F64797900B3F8CD /* Main.storyboard in Resources */,
				6D6B84801F6A6D4B0039FE06 /* post.png in Resources */,
			);
			runOnlyForDeploymentPostprocessing = 0;
		};
/* End PBXResourcesBuildPhase section */

/* Begin PBXSourcesBuildPhase section */
		6DE37D1E1F64797900B3F8CD /* Sources */ = {
			isa = PBXSourcesBuildPhase;
			buildActionMask = 2147483647;
			files = (
				6D58296B1F65A80500C507F9 /* loginViewController.swift in Sources */,
				6DE37D281F64797900B3F8CD /* ViewController.swift in Sources */,
				6DE37D431F648EC200B3F8CD /* contactViewController.swift in Sources */,
				6DE37D261F64797900B3F8CD /* AppDelegate.swift in Sources */,
				6D6B84221F69B2AB0039FE06 /* messageViewController.swift in Sources */,
				6DB0167C1F6820C900D99BAE /* saisieBlogViewController.swift in Sources */,
				6D35D5191F6BBBE100BE5289 /* succesViewController.swift in Sources */,
				6D6B84181F697F410039FE06 /* messageTableViewCell.swift in Sources */,
				6DB016781F670D6900D99BAE /* blogViewController.swift in Sources */,
				6DB0167A1F670E7B00D99BAE /* myTableViewCell.swift in Sources */,
			);
			runOnlyForDeploymentPostprocessing = 0;
		};
/* End PBXSourcesBuildPhase section */

/* Begin PBXVariantGroup section */
		6DE37D291F64797900B3F8CD /* Main.storyboard */ = {
			isa = PBXVariantGroup;
			children = (
				6DE37D2A1F64797900B3F8CD /* Base */,
			);
			name = Main.storyboard;
			sourceTree = "<group>";
		};
		6DE37D2E1F64797900B3F8CD /* LaunchScreen.storyboard */ = {
			isa = PBXVariantGroup;
			children = (
				6DE37D2F1F64797900B3F8CD /* Base */,
			);
			name = LaunchScreen.storyboard;
			sourceTree = "<group>";
		};
/* End PBXVariantGroup section */

/* Begin XCBuildConfiguration section */
		6DE37D321F64797900B3F8CD /* Debug */ = {
			isa = XCBuildConfiguration;
			buildSettings = {
				ALWAYS_SEARCH_USER_PATHS = NO;
				CLANG_ANALYZER_NONNULL = YES;
				CLANG_ANALYZER_NUMBER_OBJECT_CONVERSION = YES_AGGRESSIVE;
				CLANG_CXX_LANGUAGE_STANDARD = "gnu++0x";
				CLANG_CXX_LIBRARY = "libc++";
				CLANG_ENABLE_MODULES = YES;
				CLANG_ENABLE_OBJC_ARC = YES;
				CLANG_WARN_BOOL_CONVERSION = YES;
				CLANG_WARN_CONSTANT_CONVERSION = YES;
				CLANG_WARN_DIRECT_OBJC_ISA_USAGE = YES_ERROR;
				CLANG_WARN_DOCUMENTATION_COMMENTS = YES;
				CLANG_WARN_EMPTY_BODY = YES;
				CLANG_WARN_ENUM_CONVERSION = YES;
				CLANG_WARN_INFINITE_RECURSION = YES;
				CLANG_WARN_INT_CONVERSION = YES;
				CLANG_WARN_OBJC_ROOT_CLASS = YES_ERROR;
				CLANG_WARN_SUSPICIOUS_MOVE = YES;
				CLANG_WARN_UNREACHABLE_CODE = YES;
				CLANG_WARN__DUPLICATE_METHOD_MATCH = YES;
				"CODE_SIGN_IDENTITY[sdk=iphoneos*]" = "iPhone Developer";
				COPY_PHASE_STRIP = NO;
				DEBUG_INFORMATION_FORMAT = dwarf;
				ENABLE_STRICT_OBJC_MSGSEND = YES;
				ENABLE_TESTABILITY = YES;
				GCC_C_LANGUAGE_STANDARD = gnu99;
				GCC_DYNAMIC_NO_PIC = NO;
				GCC_NO_COMMON_BLOCKS = YES;
				GCC_OPTIMIZATION_LEVEL = 0;
				GCC_PREPROCESSOR_DEFINITIONS = (
					"DEBUG=1",
					"$(inherited)",
				);
				GCC_WARN_64_TO_32_BIT_CONVERSION = YES;
				GCC_WARN_ABOUT_RETURN_TYPE = YES_ERROR;
				GCC_WARN_UNDECLARED_SELECTOR = YES;
				GCC_WARN_UNINITIALIZED_AUTOS = YES_AGGRESSIVE;
				GCC_WARN_UNUSED_FUNCTION = YES;
				GCC_WARN_UNUSED_VARIABLE = YES;
				IPHONEOS_DEPLOYMENT_TARGET = 10.3;
				MTL_ENABLE_DEBUG_INFO = YES;
				ONLY_ACTIVE_ARCH = YES;
				SDKROOT = iphoneos;
				SWIFT_ACTIVE_COMPILATION_CONDITIONS = DEBUG;
				SWIFT_OPTIMIZATION_LEVEL = "-Onone";
			};
			name = Debug;
		};
		6DE37D331F64797900B3F8CD /* Release */ = {
			isa = XCBuildConfiguration;
			buildSettings = {
				ALWAYS_SEARCH_USER_PATHS = NO;
				CLANG_ANALYZER_NONNULL = YES;
				CLANG_ANALYZER_NUMBER_OBJECT_CONVERSION = YES_AGGRESSIVE;
				CLANG_CXX_LANGUAGE_STANDARD = "gnu++0x";
				CLANG_CXX_LIBRARY = "libc++";
				CLANG_ENABLE_MODULES = YES;
				CLANG_ENABLE_OBJC_ARC = YES;
				CLANG_WARN_BOOL_CONVERSION = YES;
				CLANG_WARN_CONSTANT_CONVERSION = YES;
				CLANG_WARN_DIRECT_OBJC_ISA_USAGE = YES_ERROR;
				CLANG_WARN_DOCUMENTATION_COMMENTS = YES;
				CLANG_WARN_EMPTY_BODY = YES;
				CLANG_WARN_ENUM_CONVERSION = YES;
				CLANG_WARN_INFINITE_RECURSION = YES;
				CLANG_WARN_INT_CONVERSION = YES;
				CLANG_WARN_OBJC_ROOT_CLASS = YES_ERROR;
				CLANG_WARN_SUSPICIOUS_MOVE = YES;
				CLANG_WARN_UNREACHABLE_CODE = YES;
				CLANG_WARN__DUPLICATE_METHOD_MATCH = YES;
				"CODE_SIGN_IDENTITY[sdk=iphoneos*]" = "iPhone Developer";
				COPY_PHASE_STRIP = NO;
				DEBUG_INFORMATION_FORMAT = "dwarf-with-dsym";
				ENABLE_NS_ASSERTIONS = NO;
				ENABLE_STRICT_OBJC_MSGSEND = YES;
				GCC_C_LANGUAGE_STANDARD = gnu99;
				GCC_NO_COMMON_BLOCKS = YES;
				GCC_WARN_64_TO_32_BIT_CONVERSION = YES;
				GCC_WARN_ABOUT_RETURN_TYPE = YES_ERROR;
				GCC_WARN_UNDECLARED_SELECTOR = YES;
				GCC_WARN_UNINITIALIZED_AUTOS = YES_AGGRESSIVE;
				GCC_WARN_UNUSED_FUNCTION = YES;
				GCC_WARN_UNUSED_VARIABLE = YES;
				IPHONEOS_DEPLOYMENT_TARGET = 10.3;
				MTL_ENABLE_DEBUG_INFO = NO;
				SDKROOT = iphoneos;
				SWIFT_OPTIMIZATION_LEVEL = "-Owholemodule";
				VALIDATE_PRODUCT = YES;
			};
			name = Release;
		};
		6DE37D351F64797900B3F8CD /* Debug */ = {
			isa = XCBuildConfiguration;
			buildSettings = {
				ASSETCATALOG_COMPILER_APPICON_NAME = appIcon;
				DEVELOPMENT_TEAM = 36R3LYA985;
				INFOPLIST_FILE = Mysql_php/Info.plist;
				LD_RUNPATH_SEARCH_PATHS = "$(inherited) @executable_path/Frameworks";
				PRODUCT_BUNDLE_IDENTIFIER = "imedia.Mysql-php";
				PRODUCT_NAME = "$(TARGET_NAME)";
				SWIFT_VERSION = 3.0;
			};
			name = Debug;
		};
		6DE37D361F64797900B3F8CD /* Release */ = {
			isa = XCBuildConfiguration;
			buildSettings = {
				ASSETCATALOG_COMPILER_APPICON_NAME = appIcon;
				DEVELOPMENT_TEAM = 36R3LYA985;
				INFOPLIST_FILE = Mysql_php/Info.plist;
				LD_RUNPATH_SEARCH_PATHS = "$(inherited) @executable_path/Frameworks";
				MTL_ENABLE_DEBUG_INFO = yes;
				PRODUCT_BUNDLE_IDENTIFIER = "imedia.Mysql-php";
				PRODUCT_NAME = "$(TARGET_NAME)";
				SWIFT_VERSION = 3.0;
			};
			name = Release;
		};
/* End XCBuildConfiguration section */

/* Begin XCConfigurationList section */
		6DE37D1D1F64797900B3F8CD /* Build configuration list for PBXProject "Mysql_php" */ = {
			isa = XCConfigurationList;
			buildConfigurations = (
				6DE37D321F64797900B3F8CD /* Debug */,
				6DE37D331F64797900B3F8CD /* Release */,
			);
			defaultConfigurationIsVisible = 0;
			defaultConfigurationName = Release;
		};
		6DE37D341F64797900B3F8CD /* Build configuration list for PBXNativeTarget "Mysql_php" */ = {
			isa = XCConfigurationList;
			buildConfigurations = (
				6DE37D351F64797900B3F8CD /* Debug */,
				6DE37D361F64797900B3F8CD /* Release */,
			);
			defaultConfigurationIsVisible = 0;
			defaultConfigurationName = Release;
		};
/* End XCConfigurationList section */
	};
	rootObject = 6DE37D1A1F64797900B3F8CD /* Project object */;
}
