// !$*UTF8*$!
{
	archiveVersion = 1;
	classes = {
	};
	objectVersion = 46;
	objects = {

/* Begin PBXBuildFile section */
		6D0C411D1F80EF9A00188E24 /* AppDelegate.swift in Sources */ = {isa = PBXBuildFile; fileRef = 6D0C411C1F80EF9A00188E24 /* AppDelegate.swift */; };
		6D0C411F1F80EF9A00188E24 /* ViewController.swift in Sources */ = {isa = PBXBuildFile; fileRef = 6D0C411E1F80EF9A00188E24 /* ViewController.swift */; };
		6D0C41221F80EF9A00188E24 /* Main.storyboard in Resources */ = {isa = PBXBuildFile; fileRef = 6D0C41201F80EF9A00188E24 /* Main.storyboard */; };
		6D0C41241F80EF9A00188E24 /* Assets.xcassets in Resources */ = {isa = PBXBuildFile; fileRef = 6D0C41231F80EF9A00188E24 /* Assets.xcassets */; };
		6D0C41271F80EF9A00188E24 /* LaunchScreen.storyboard in Resources */ = {isa = PBXBuildFile; fileRef = 6D0C41251F80EF9A00188E24 /* LaunchScreen.storyboard */; };
		6D2DD6131F81200B00C3522C /* icons8-bebo.png in Resources */ = {isa = PBXBuildFile; fileRef = 6D2DD6101F81200B00C3522C /* icons8-bebo.png */; };
		6D2DD6141F81200B00C3522C /* icons8-filled_message.png in Resources */ = {isa = PBXBuildFile; fileRef = 6D2DD6111F81200B00C3522C /* icons8-filled_message.png */; };
		6D2DD6151F81200B00C3522C /* icons8-home.png in Resources */ = {isa = PBXBuildFile; fileRef = 6D2DD6121F81200B00C3522C /* icons8-home.png */; };
		6D2DD6171F81201300C3522C /* icons8-online_support.png in Resources */ = {isa = PBXBuildFile; fileRef = 6D2DD6161F81201300C3522C /* icons8-online_support.png */; };
		6D2DD6191F8122BE00C3522C /* icons8-forgot_password.png in Resources */ = {isa = PBXBuildFile; fileRef = 6D2DD6181F8122BE00C3522C /* icons8-forgot_password.png */; };
		6D2DD61B1F8122E400C3522C /* icons8-lock.png in Resources */ = {isa = PBXBuildFile; fileRef = 6D2DD61A1F8122E400C3522C /* icons8-lock.png */; };
		6D2DD61D1F816D2E00C3522C /* icons8-mailbox_closed_flag_up.png in Resources */ = {isa = PBXBuildFile; fileRef = 6D2DD61C1F816D2E00C3522C /* icons8-mailbox_closed_flag_up.png */; };
		6D2DD61F1F816EC000C3522C /* icons8-blog.png in Resources */ = {isa = PBXBuildFile; fileRef = 6D2DD61E1F816EC000C3522C /* icons8-blog.png */; };
		6D3A21981F8FB3B9003621B9 /* pushViewController.swift in Sources */ = {isa = PBXBuildFile; fileRef = 6D3A21971F8FB3B9003621B9 /* pushViewController.swift */; };
		6D3E7F491F85411800531251 /* saisieBlogViewController.swift in Sources */ = {isa = PBXBuildFile; fileRef = 6D3E7F481F85411800531251 /* saisieBlogViewController.swift */; };
		6D3E7F4B1F855B8C00531251 /* loginViewController.swift in Sources */ = {isa = PBXBuildFile; fileRef = 6D3E7F4A1F855B8C00531251 /* loginViewController.swift */; };
		6D3E7F4D1F8564A400531251 /* messageTableViewCell.swift in Sources */ = {isa = PBXBuildFile; fileRef = 6D3E7F4C1F8564A400531251 /* messageTableViewCell.swift */; };
		6D3E7F4F1F8564F900531251 /* messageViewController.swift in Sources */ = {isa = PBXBuildFile; fileRef = 6D3E7F4E1F8564F900531251 /* messageViewController.swift */; };
		6D9F8C071F8C116B001B78C8 /* notificationViewController.swift in Sources */ = {isa = PBXBuildFile; fileRef = 6D9F8C061F8C116B001B78C8 /* notificationViewController.swift */; };
		6D9F8C091F8C17DF001B78C8 /* notificationViewCell.swift in Sources */ = {isa = PBXBuildFile; fileRef = 6D9F8C081F8C17DF001B78C8 /* notificationViewCell.swift */; };
		6DA825D91F841FF10074E967 /* icons8-appointment_reminders.png in Resources */ = {isa = PBXBuildFile; fileRef = 6DA825D81F841FF10074E967 /* icons8-appointment_reminders.png */; };
		6DA825DD1F84D74A0074E967 /* contactViewController.swift in Sources */ = {isa = PBXBuildFile; fileRef = 6DA825DC1F84D74A0074E967 /* contactViewController.swift */; };
		6DA825DF1F84E4870074E967 /* blogViewController.swift in Sources */ = {isa = PBXBuildFile; fileRef = 6DA825DE1F84E4870074E967 /* blogViewController.swift */; };
		6DA825E11F84E52E0074E967 /* blogViewCell.swift in Sources */ = {isa = PBXBuildFile; fileRef = 6DA825E01F84E52E0074E967 /* blogViewCell.swift */; };
		6DAE8C1B1FB3BB0F00E5A3C0 /* _DSC9765.jpg in Resources */ = {isa = PBXBuildFile; fileRef = 6DAE8C1A1FB3BB0F00E5A3C0 /* _DSC9765.jpg */; };
/* End PBXBuildFile section */

/* Begin PBXFileReference section */
		6D0C41191F80EF9A00188E24 /* web_cv.app */ = {isa = PBXFileReference; explicitFileType = wrapper.application; includeInIndex = 0; path = web_cv.app; sourceTree = BUILT_PRODUCTS_DIR; };
		6D0C411C1F80EF9A00188E24 /* AppDelegate.swift */ = {isa = PBXFileReference; lastKnownFileType = sourcecode.swift; path = AppDelegate.swift; sourceTree = "<group>"; };
		6D0C411E1F80EF9A00188E24 /* ViewController.swift */ = {isa = PBXFileReference; lastKnownFileType = sourcecode.swift; path = ViewController.swift; sourceTree = "<group>"; };
		6D0C41211F80EF9A00188E24 /* Base */ = {isa = PBXFileReference; lastKnownFileType = file.storyboard; name = Base; path = Base.lproj/Main.storyboard; sourceTree = "<group>"; };
		6D0C41231F80EF9A00188E24 /* Assets.xcassets */ = {isa = PBXFileReference; lastKnownFileType = folder.assetcatalog; path = Assets.xcassets; sourceTree = "<group>"; };
		6D0C41261F80EF9A00188E24 /* Base */ = {isa = PBXFileReference; lastKnownFileType = file.storyboard; name = Base; path = Base.lproj/LaunchScreen.storyboard; sourceTree = "<group>"; };
		6D0C41281F80EF9A00188E24 /* Info.plist */ = {isa = PBXFileReference; lastKnownFileType = text.plist.xml; path = Info.plist; sourceTree = "<group>"; };
		6D2DD6101F81200B00C3522C /* icons8-bebo.png */ = {isa = PBXFileReference; lastKnownFileType = image.png; name = "icons8-bebo.png"; path = "img/icons8-bebo.png"; sourceTree = "<group>"; };
		6D2DD6111F81200B00C3522C /* icons8-filled_message.png */ = {isa = PBXFileReference; lastKnownFileType = image.png; name = "icons8-filled_message.png"; path = "img/icons8-filled_message.png"; sourceTree = "<group>"; };
		6D2DD6121F81200B00C3522C /* icons8-home.png */ = {isa = PBXFileReference; lastKnownFileType = image.png; name = "icons8-home.png"; path = "img/icons8-home.png"; sourceTree = "<group>"; };
		6D2DD6161F81201300C3522C /* icons8-online_support.png */ = {isa = PBXFileReference; lastKnownFileType = image.png; name = "icons8-online_support.png"; path = "img/icons8-online_support.png"; sourceTree = "<group>"; };
		6D2DD6181F8122BE00C3522C /* icons8-forgot_password.png */ = {isa = PBXFileReference; lastKnownFileType = image.png; name = "icons8-forgot_password.png"; path = "img/icons8-forgot_password.png"; sourceTree = "<group>"; };
		6D2DD61A1F8122E400C3522C /* icons8-lock.png */ = {isa = PBXFileReference; lastKnownFileType = image.png; name = "icons8-lock.png"; path = "img/icons8-lock.png"; sourceTree = "<group>"; };
		6D2DD61C1F816D2E00C3522C /* icons8-mailbox_closed_flag_up.png */ = {isa = PBXFileReference; lastKnownFileType = image.png; name = "icons8-mailbox_closed_flag_up.png"; path = "img/icons8-mailbox_closed_flag_up.png"; sourceTree = "<group>"; };
		6D2DD61E1F816EC000C3522C /* icons8-blog.png */ = {isa = PBXFileReference; lastKnownFileType = image.png; name = "icons8-blog.png"; path = "img/icons8-blog.png"; sourceTree = "<group>"; };
		6D3A21971F8FB3B9003621B9 /* pushViewController.swift */ = {isa = PBXFileReference; fileEncoding = 4; lastKnownFileType = sourcecode.swift; name = pushViewController.swift; path = web_cv/pushViewController.swift; sourceTree = "<group>"; };
		6D3E7F481F85411800531251 /* saisieBlogViewController.swift */ = {isa = PBXFileReference; fileEncoding = 4; lastKnownFileType = sourcecode.swift; name = saisieBlogViewController.swift; path = web_cv/saisieBlogViewController.swift; sourceTree = "<group>"; };
		6D3E7F4A1F855B8C00531251 /* loginViewController.swift */ = {isa = PBXFileReference; fileEncoding = 4; lastKnownFileType = sourcecode.swift; name = loginViewController.swift; path = web_cv/loginViewController.swift; sourceTree = "<group>"; };
		6D3E7F4C1F8564A400531251 /* messageTableViewCell.swift */ = {isa = PBXFileReference; fileEncoding = 4; lastKnownFileType = sourcecode.swift; name = messageTableViewCell.swift; path = web_cv/messageTableViewCell.swift; sourceTree = "<group>"; };
		6D3E7F4E1F8564F900531251 /* messageViewController.swift */ = {isa = PBXFileReference; fileEncoding = 4; lastKnownFileType = sourcecode.swift; name = messageViewController.swift; path = web_cv/messageViewController.swift; sourceTree = "<group>"; };
		6D5492861F89238D00FACDE7 /* fr */ = {isa = PBXFileReference; lastKnownFileType = text.plist.strings; name = fr; path = fr.lproj/Main.strings; sourceTree = "<group>"; };
		6D5492871F89238D00FACDE7 /* fr */ = {isa = PBXFileReference; lastKnownFileType = text.plist.strings; name = fr; path = fr.lproj/LaunchScreen.strings; sourceTree = "<group>"; };
		6D62BAFD1F82576000B9E939 /* web_cv.entitlements */ = {isa = PBXFileReference; lastKnownFileType = text.plist.entitlements; path = web_cv.entitlements; sourceTree = "<group>"; };
		6D9F8C061F8C116B001B78C8 /* notificationViewController.swift */ = {isa = PBXFileReference; fileEncoding = 4; lastKnownFileType = sourcecode.swift; name = notificationViewController.swift; path = web_cv/notificationViewController.swift; sourceTree = "<group>"; };
		6D9F8C081F8C17DF001B78C8 /* notificationViewCell.swift */ = {isa = PBXFileReference; fileEncoding = 4; lastKnownFileType = sourcecode.swift; name = notificationViewCell.swift; path = web_cv/notificationViewCell.swift; sourceTree = "<group>"; };
		6DA825D81F841FF10074E967 /* icons8-appointment_reminders.png */ = {isa = PBXFileReference; lastKnownFileType = image.png; name = "icons8-appointment_reminders.png"; path = "img/icons8-appointment_reminders.png"; sourceTree = "<group>"; };
		6DA825DC1F84D74A0074E967 /* contactViewController.swift */ = {isa = PBXFileReference; fileEncoding = 4; lastKnownFileType = sourcecode.swift; name = contactViewController.swift; path = web_cv/contactViewController.swift; sourceTree = "<group>"; };
		6DA825DE1F84E4870074E967 /* blogViewController.swift */ = {isa = PBXFileReference; fileEncoding = 4; lastKnownFileType = sourcecode.swift; name = blogViewController.swift; path = web_cv/blogViewController.swift; sourceTree = "<group>"; };
		6DA825E01F84E52E0074E967 /* blogViewCell.swift */ = {isa = PBXFileReference; fileEncoding = 4; lastKnownFileType = sourcecode.swift; name = blogViewCell.swift; path = web_cv/blogViewCell.swift; sourceTree = "<group>"; };
		6DAE8C1A1FB3BB0F00E5A3C0 /* _DSC9765.jpg */ = {isa = PBXFileReference; lastKnownFileType = image.jpeg; name = _DSC9765.jpg; path = img/_DSC9765.jpg; sourceTree = "<group>"; };
/* End PBXFileReference section */

/* Begin PBXFrameworksBuildPhase section */
		6D0C41161F80EF9A00188E24 /* Frameworks */ = {
			isa = PBXFrameworksBuildPhase;
			buildActionMask = 2147483647;
			files = (
			);
			runOnlyForDeploymentPostprocessing = 0;
		};
/* End PBXFrameworksBuildPhase section */

/* Begin PBXGroup section */
		6D0C41101F80EF9A00188E24 = {
			isa = PBXGroup;
			children = (
				6DA825DA1F84D63D0074E967 /* img */,
				6DA825DB1F84D68B0074E967 /* ViewControllers */,
				6D0C411B1F80EF9A00188E24 /* web_cv */,
				6D0C411A1F80EF9A00188E24 /* Products */,
			);
			sourceTree = "<group>";
		};
		6D0C411A1F80EF9A00188E24 /* Products */ = {
			isa = PBXGroup;
			children = (
				6D0C41191F80EF9A00188E24 /* web_cv.app */,
			);
			name = Products;
			sourceTree = "<group>";
		};
		6D0C411B1F80EF9A00188E24 /* web_cv */ = {
			isa = PBXGroup;
			children = (
				6D62BAFD1F82576000B9E939 /* web_cv.entitlements */,
				6D0C411E1F80EF9A00188E24 /* ViewController.swift */,
				6D0C41201F80EF9A00188E24 /* Main.storyboard */,
				6D0C412E1F80EFA900188E24 /* System */,
			);
			path = web_cv;
			sourceTree = "<group>";
		};
		6D0C412E1F80EFA900188E24 /* System */ = {
			isa = PBXGroup;
			children = (
				6D0C411C1F80EF9A00188E24 /* AppDelegate.swift */,
				6D0C41231F80EF9A00188E24 /* Assets.xcassets */,
				6D0C41251F80EF9A00188E24 /* LaunchScreen.storyboard */,
				6D0C41281F80EF9A00188E24 /* Info.plist */,
			);
			name = System;
			sourceTree = "<group>";
		};
		6DA825DA1F84D63D0074E967 /* img */ = {
			isa = PBXGroup;
			children = (
				6D2DD6111F81200B00C3522C /* icons8-filled_message.png */,
				6D2DD6121F81200B00C3522C /* icons8-home.png */,
				6D2DD61A1F8122E400C3522C /* icons8-lock.png */,
				6DA825D81F841FF10074E967 /* icons8-appointment_reminders.png */,
				6D2DD6101F81200B00C3522C /* icons8-bebo.png */,
				6D2DD61E1F816EC000C3522C /* icons8-blog.png */,
				6D2DD61C1F816D2E00C3522C /* icons8-mailbox_closed_flag_up.png */,
				6D2DD6181F8122BE00C3522C /* icons8-forgot_password.png */,
				6D2DD6161F81201300C3522C /* icons8-online_support.png */,
				6DAE8C1A1FB3BB0F00E5A3C0 /* _DSC9765.jpg */,
			);
			name = img;
			sourceTree = "<group>";
		};
		6DA825DB1F84D68B0074E967 /* ViewControllers */ = {
			isa = PBXGroup;
			children = (
				6DA825E01F84E52E0074E967 /* blogViewCell.swift */,
				6DA825DE1F84E4870074E967 /* blogViewController.swift */,
				6DA825DC1F84D74A0074E967 /* contactViewController.swift */,
				6D3E7F4A1F855B8C00531251 /* loginViewController.swift */,
				6D9F8C081F8C17DF001B78C8 /* notificationViewCell.swift */,
				6D9F8C061F8C116B001B78C8 /* notificationViewController.swift */,
				6D3E7F4C1F8564A400531251 /* messageTableViewCell.swift */,
				6D3E7F4E1F8564F900531251 /* messageViewController.swift */,
				6D3A21971F8FB3B9003621B9 /* pushViewController.swift */,
				6D3E7F481F85411800531251 /* saisieBlogViewController.swift */,
			);
			name = ViewControllers;
			sourceTree = "<group>";
		};
/* End PBXGroup section */

/* Begin PBXNativeTarget section */
		6D0C41181F80EF9A00188E24 /* web_cv */ = {
			isa = PBXNativeTarget;
			buildConfigurationList = 6D0C412B1F80EF9A00188E24 /* Build configuration list for PBXNativeTarget "web_cv" */;
			buildPhases = (
				6D0C41151F80EF9A00188E24 /* Sources */,
				6D0C41161F80EF9A00188E24 /* Frameworks */,
				6D0C41171F80EF9A00188E24 /* Resources */,
			);
			buildRules = (
			);
			dependencies = (
			);
			name = web_cv;
			productName = web_cv;
			productReference = 6D0C41191F80EF9A00188E24 /* web_cv.app */;
			productType = "com.apple.product-type.application";
		};
/* End PBXNativeTarget section */

/* Begin PBXProject section */
		6D0C41111F80EF9A00188E24 /* Project object */ = {
			isa = PBXProject;
			attributes = {
				LastSwiftUpdateCheck = 0830;
				LastUpgradeCheck = 0830;
				ORGANIZATIONNAME = rouibah;
				TargetAttributes = {
					6D0C41181F80EF9A00188E24 = {
						CreatedOnToolsVersion = 8.3.3;
						DevelopmentTeam = 36R3LYA985;
						ProvisioningStyle = Automatic;
						SystemCapabilities = {
							com.apple.Push = {
								enabled = 1;
							};
						};
					};
				};
			};
			buildConfigurationList = 6D0C41141F80EF9A00188E24 /* Build configuration list for PBXProject "web_cv" */;
			compatibilityVersion = "Xcode 3.2";
			developmentRegion = English;
			hasScannedForEncodings = 0;
			knownRegions = (
				en,
				Base,
			);
			mainGroup = 6D0C41101F80EF9A00188E24;
			productRefGroup = 6D0C411A1F80EF9A00188E24 /* Products */;
			projectDirPath = "";
			projectRoot = "";
			targets = (
				6D0C41181F80EF9A00188E24 /* web_cv */,
			);
		};
/* End PBXProject section */

/* Begin PBXResourcesBuildPhase section */
		6D0C41171F80EF9A00188E24 /* Resources */ = {
			isa = PBXResourcesBuildPhase;
			buildActionMask = 2147483647;
			files = (
				6D2DD6151F81200B00C3522C /* icons8-home.png in Resources */,
				6DAE8C1B1FB3BB0F00E5A3C0 /* _DSC9765.jpg in Resources */,
				6D0C41271F80EF9A00188E24 /* LaunchScreen.storyboard in Resources */,
				6D0C41241F80EF9A00188E24 /* Assets.xcassets in Resources */,
				6D0C41221F80EF9A00188E24 /* Main.storyboard in Resources */,
				6D2DD61B1F8122E400C3522C /* icons8-lock.png in Resources */,
				6DA825D91F841FF10074E967 /* icons8-appointment_reminders.png in Resources */,
				6D2DD6191F8122BE00C3522C /* icons8-forgot_password.png in Resources */,
				6D2DD6141F81200B00C3522C /* icons8-filled_message.png in Resources */,
				6D2DD6131F81200B00C3522C /* icons8-bebo.png in Resources */,
				6D2DD61D1F816D2E00C3522C /* icons8-mailbox_closed_flag_up.png in Resources */,
				6D2DD6171F81201300C3522C /* icons8-online_support.png in Resources */,
				6D2DD61F1F816EC000C3522C /* icons8-blog.png in Resources */,
			);
			runOnlyForDeploymentPostprocessing = 0;
		};
/* End PBXResourcesBuildPhase section */

/* Begin PBXSourcesBuildPhase section */
		6D0C41151F80EF9A00188E24 /* Sources */ = {
			isa = PBXSourcesBuildPhase;
			buildActionMask = 2147483647;
			files = (
				6D3E7F4B1F855B8C00531251 /* loginViewController.swift in Sources */,
				6D0C411F1F80EF9A00188E24 /* ViewController.swift in Sources */,
				6D9F8C071F8C116B001B78C8 /* notificationViewController.swift in Sources */,
				6DA825DD1F84D74A0074E967 /* contactViewController.swift in Sources */,
				6D3E7F491F85411800531251 /* saisieBlogViewController.swift in Sources */,
				6D3E7F4F1F8564F900531251 /* messageViewController.swift in Sources */,
				6DA825DF1F84E4870074E967 /* blogViewController.swift in Sources */,
				6D3E7F4D1F8564A400531251 /* messageTableViewCell.swift in Sources */,
				6D0C411D1F80EF9A00188E24 /* AppDelegate.swift in Sources */,
				6D9F8C091F8C17DF001B78C8 /* notificationViewCell.swift in Sources */,
				6D3A21981F8FB3B9003621B9 /* pushViewController.swift in Sources */,
				6DA825E11F84E52E0074E967 /* blogViewCell.swift in Sources */,
			);
			runOnlyForDeploymentPostprocessing = 0;
		};
/* End PBXSourcesBuildPhase section */

/* Begin PBXVariantGroup section */
		6D0C41201F80EF9A00188E24 /* Main.storyboard */ = {
			isa = PBXVariantGroup;
			children = (
				6D0C41211F80EF9A00188E24 /* Base */,
				6D5492861F89238D00FACDE7 /* fr */,
			);
			name = Main.storyboard;
			sourceTree = "<group>";
		};
		6D0C41251F80EF9A00188E24 /* LaunchScreen.storyboard */ = {
			isa = PBXVariantGroup;
			children = (
				6D0C41261F80EF9A00188E24 /* Base */,
				6D5492871F89238D00FACDE7 /* fr */,
			);
			name = LaunchScreen.storyboard;
			sourceTree = "<group>";
		};
/* End PBXVariantGroup section */

/* Begin XCBuildConfiguration section */
		6D0C41291F80EF9A00188E24 /* Debug */ = {
			isa = XCBuildConfiguration;
			buildSettings = {
				ALWAYS_SEARCH_USER_PATHS = NO;
				CLANG_ANALYZER_LOCALIZABILITY_NONLOCALIZED = YES;
				CLANG_ANALYZER_NONNULL = YES;
				CLANG_ANALYZER_NUMBER_OBJECT_CONVERSION = YES_AGGRESSIVE;
				CLANG_CXX_LANGUAGE_STANDARD = "gnu++0x";
				CLANG_CXX_LIBRARY = "libc++";
				CLANG_ENABLE_MODULES = YES;
				CLANG_ENABLE_OBJC_ARC = YES;
				CLANG_WARN_BOOL_CONVERSION = YES;
				CLANG_WARN_CONSTANT_CONVERSION = YES;
				CLANG_WARN_DIRECT_OBJC_ISA_USAGE = YES_ERROR;
				CLANG_WARN_DOCUMENTATION_COMMENTS = YES;
				CLANG_WARN_EMPTY_BODY = YES;
				CLANG_WARN_ENUM_CONVERSION = YES;
				CLANG_WARN_INFINITE_RECURSION = YES;
				CLANG_WARN_INT_CONVERSION = YES;
				CLANG_WARN_OBJC_ROOT_CLASS = YES_ERROR;
				CLANG_WARN_SUSPICIOUS_MOVE = YES;
				CLANG_WARN_UNREACHABLE_CODE = YES;
				CLANG_WARN__DUPLICATE_METHOD_MATCH = YES;
				CODE_SIGN_IDENTITY = "iPhone Developer: lakhdar-rouibah@live.fr (Y24NGA97XB)";
				"CODE_SIGN_IDENTITY[sdk=iphoneos*]" = "iPhone Developer: lakhdar-rouibah@live.fr (Y24NGA97XB)";
				COPY_PHASE_STRIP = NO;
				DEBUG_INFORMATION_FORMAT = dwarf;
				DEVELOPMENT_TEAM = 36R3LYA985;
				ENABLE_STRICT_OBJC_MSGSEND = YES;
				ENABLE_TESTABILITY = YES;
				GCC_C_LANGUAGE_STANDARD = gnu99;
				GCC_DYNAMIC_NO_PIC = NO;
				GCC_NO_COMMON_BLOCKS = YES;
				GCC_OPTIMIZATION_LEVEL = 0;
				GCC_PREPROCESSOR_DEFINITIONS = (
					"DEBUG=1",
					"$(inherited)",
				);
				GCC_WARN_64_TO_32_BIT_CONVERSION = YES;
				GCC_WARN_ABOUT_RETURN_TYPE = YES_ERROR;
				GCC_WARN_UNDECLARED_SELECTOR = YES;
				GCC_WARN_UNINITIALIZED_AUTOS = YES_AGGRESSIVE;
				GCC_WARN_UNUSED_FUNCTION = YES;
				GCC_WARN_UNUSED_VARIABLE = YES;
				IPHONEOS_DEPLOYMENT_TARGET = 10.3;
				MTL_ENABLE_DEBUG_INFO = YES;
				ONLY_ACTIVE_ARCH = YES;
				SDKROOT = iphoneos;
				SWIFT_ACTIVE_COMPILATION_CONDITIONS = DEBUG;
				SWIFT_OPTIMIZATION_LEVEL = "-Onone";
			};
			name = Debug;
		};
		6D0C412A1F80EF9A00188E24 /* Release */ = {
			isa = XCBuildConfiguration;
			buildSettings = {
				ALWAYS_SEARCH_USER_PATHS = NO;
				CLANG_ANALYZER_LOCALIZABILITY_NONLOCALIZED = YES;
				CLANG_ANALYZER_NONNULL = YES;
				CLANG_ANALYZER_NUMBER_OBJECT_CONVERSION = YES_AGGRESSIVE;
				CLANG_CXX_LANGUAGE_STANDARD = "gnu++0x";
				CLANG_CXX_LIBRARY = "libc++";
				CLANG_ENABLE_MODULES = YES;
				CLANG_ENABLE_OBJC_ARC = YES;
				CLANG_WARN_BOOL_CONVERSION = YES;
				CLANG_WARN_CONSTANT_CONVERSION = YES;
				CLANG_WARN_DIRECT_OBJC_ISA_USAGE = YES_ERROR;
				CLANG_WARN_DOCUMENTATION_COMMENTS = YES;
				CLANG_WARN_EMPTY_BODY = YES;
				CLANG_WARN_ENUM_CONVERSION = YES;
				CLANG_WARN_INFINITE_RECURSION = YES;
				CLANG_WARN_INT_CONVERSION = YES;
				CLANG_WARN_OBJC_ROOT_CLASS = YES_ERROR;
				CLANG_WARN_SUSPICIOUS_MOVE = YES;
				CLANG_WARN_UNREACHABLE_CODE = YES;
				CLANG_WARN__DUPLICATE_METHOD_MATCH = YES;
				"CODE_SIGN_IDENTITY[sdk=iphoneos*]" = "iPhone Developer";
				COPY_PHASE_STRIP = NO;
				DEBUG_INFORMATION_FORMAT = "dwarf-with-dsym";
				DEVELOPMENT_TEAM = 36R3LYA985;
				ENABLE_NS_ASSERTIONS = NO;
				ENABLE_STRICT_OBJC_MSGSEND = YES;
				GCC_C_LANGUAGE_STANDARD = gnu99;
				GCC_NO_COMMON_BLOCKS = YES;
				GCC_WARN_64_TO_32_BIT_CONVERSION = YES;
				GCC_WARN_ABOUT_RETURN_TYPE = YES_ERROR;
				GCC_WARN_UNDECLARED_SELECTOR = YES;
				GCC_WARN_UNINITIALIZED_AUTOS = YES_AGGRESSIVE;
				GCC_WARN_UNUSED_FUNCTION = YES;
				GCC_WARN_UNUSED_VARIABLE = YES;
				IPHONEOS_DEPLOYMENT_TARGET = 10.3;
				MTL_ENABLE_DEBUG_INFO = NO;
				SDKROOT = iphoneos;
				SWIFT_OPTIMIZATION_LEVEL = "-Owholemodule";
				VALIDATE_PRODUCT = YES;
			};
			name = Release;
		};
		6D0C412C1F80EF9A00188E24 /* Debug */ = {
			isa = XCBuildConfiguration;
			buildSettings = {
				ASSETCATALOG_COMPILER_APPICON_NAME = AppIcon;
				CODE_SIGN_ENTITLEMENTS = web_cv/web_cv.entitlements;
				CODE_SIGN_IDENTITY = "iPhone Developer: lakhdar-rouibah@live.fr (Y24NGA97XB)";
				"CODE_SIGN_IDENTITY[sdk=iphoneos*]" = "iPhone Developer";
				DEVELOPMENT_TEAM = 36R3LYA985;
				INFOPLIST_FILE = web_cv/Info.plist;
				LD_RUNPATH_SEARCH_PATHS = "$(inherited) @executable_path/Frameworks";
				"MTL_ENABLE_DEBUG_INFO[arch=*]" = YES;
				PRODUCT_BUNDLE_IDENTIFIER = "imedia.web-cv";
				PRODUCT_NAME = "$(TARGET_NAME)";
				SWIFT_VERSION = 3.0;
			};
			name = Debug;
		};
		6D0C412D1F80EF9A00188E24 /* Release */ = {
			isa = XCBuildConfiguration;
			buildSettings = {
				ASSETCATALOG_COMPILER_APPICON_NAME = AppIcon;
				CODE_SIGN_ENTITLEMENTS = web_cv/web_cv.entitlements;
				CODE_SIGN_IDENTITY = "iPhone Developer";
				DEVELOPMENT_TEAM = 36R3LYA985;
				INFOPLIST_FILE = web_cv/Info.plist;
				LD_RUNPATH_SEARCH_PATHS = "$(inherited) @executable_path/Frameworks";
				PRODUCT_BUNDLE_IDENTIFIER = "imedia.web-cv";
				PRODUCT_NAME = "$(TARGET_NAME)";
				SWIFT_VERSION = 3.0;
			};
			name = Release;
		};
/* End XCBuildConfiguration section */

/* Begin XCConfigurationList section */
		6D0C41141F80EF9A00188E24 /* Build configuration list for PBXProject "web_cv" */ = {
			isa = XCConfigurationList;
			buildConfigurations = (
				6D0C41291F80EF9A00188E24 /* Debug */,
				6D0C412A1F80EF9A00188E24 /* Release */,
			);
			defaultConfigurationIsVisible = 0;
			defaultConfigurationName = Release;
		};
		6D0C412B1F80EF9A00188E24 /* Build configuration list for PBXNativeTarget "web_cv" */ = {
			isa = XCConfigurationList;
			buildConfigurations = (
				6D0C412C1F80EF9A00188E24 /* Debug */,
				6D0C412D1F80EF9A00188E24 /* Release */,
			);
			defaultConfigurationIsVisible = 0;
			defaultConfigurationName = Release;
		};
/* End XCConfigurationList section */
	};
	rootObject = 6D0C41111F80EF9A00188E24 /* Project object */;
}
